
Microsoft Visual Studio Solution File, Format Version 12.00
# Visual Studio 14
VisualStudioVersion = 14.0.25420.1
MinimumVisualStudioVersion = 10.0.40219.1
Project("{2150E333-8FDC-42A3-9474-1A3956D46DE8}") = "1.Core", "1.Core", "{4EB462AE-6BDE-48F8-9257-9067896CDD42}"
EndProject
Project("{2150E333-8FDC-42A3-9474-1A3956D46DE8}") = "2.DAL", "2.DAL", "{1E8ED3BF-6F6D-4204-885B-48DFEF4C5907}"
EndProject
Project("{2150E333-8FDC-42A3-9474-1A3956D46DE8}") = "3.ActionService", "3.ActionService", "{8822732D-812C-4188-8EF3-21F6278B3FE9}"
EndProject
Project("{2150E333-8FDC-42A3-9474-1A3956D46DE8}") = "4.Presentation", "4.Presentation", "{0589265A-5B4E-4C3C-84EA-67402FDBC146}"
EndProject
Project("{2150E333-8FDC-42A3-9474-1A3956D46DE8}") = "5.Modules", "5.Modules", "{E25C905C-8764-45D4-9BE5-14BBC155AACF}"
EndProject
Project("{FAE04EC0-301F-11D3-BF4B-00C04F79EFBC}") = "QLCCVC.Infrastructure", "QLCCVC.Infrastructure\QLCCVC.Infrastructure.csproj", "{EBAC16F5-2654-4071-A990-CA4201C6A238}"
EndProject
Project("{FAE04EC0-301F-11D3-BF4B-00C04F79EFBC}") = "QLCCVC.DAL", "QLCCVC.DAL\QLCCVC.DAL.csproj", "{DEDDB97C-BC58-4D4E-8EA4-EA3547241D32}"
EndProject
Project("{FAE04EC0-301F-11D3-BF4B-00C04F79EFBC}") = "QLCCVC.ActionService", "QLCCVC.ActionService\QLCCVC.ActionService.csproj", "{61F9F034-3F94-41D4-8688-E03751E24263}"
EndProject
Project("{FAE04EC0-301F-11D3-BF4B-00C04F79EFBC}") = "QLCCVC.Web", "QLCCVC.Web\QLCCVC.Web.csproj", "{EBEAA526-F45E-4CCF-9094-206E726E5C57}"
EndProject
Project("{FAE04EC0-301F-11D3-BF4B-00C04F79EFBC}") = "Mod_KhungHanhChinh", "QLCCVC.Web\Areas\Mod_KhungHanhChinh\Mod_KhungHanhChinh.csproj", "{C8625EDA-6E6D-426F-9499-DD6832748A51}"
EndProject
Global
	GlobalSection(SolutionConfigurationPlatforms) = preSolution
		Debug|Any CPU = Debug|Any CPU
		Release|Any CPU = Release|Any CPU
	EndGlobalSection
	GlobalSection(ProjectConfigurationPlatforms) = postSolution
		{EBAC16F5-2654-4071-A990-CA4201C6A238}.Debug|Any CPU.ActiveCfg = Debug|Any CPU
		{EBAC16F5-2654-4071-A990-CA4201C6A238}.Debug|Any CPU.Build.0 = Debug|Any CPU
		{EBAC16F5-2654-4071-A990-CA4201C6A238}.Release|Any CPU.ActiveCfg = Release|Any CPU
		{EBAC16F5-2654-4071-A990-CA4201C6A238}.Release|Any CPU.Build.0 = Release|Any CPU
		{DEDDB97C-BC58-4D4E-8EA4-EA3547241D32}.Debug|Any CPU.ActiveCfg = Debug|Any CPU
		{DEDDB97C-BC58-4D4E-8EA4-EA3547241D32}.Debug|Any CPU.Build.0 = Debug|Any CPU
		{DEDDB97C-BC58-4D4E-8EA4-EA3547241D32}.Release|Any CPU.ActiveCfg = Release|Any CPU
		{DEDDB97C-BC58-4D4E-8EA4-EA3547241D32}.Release|Any CPU.Build.0 = Release|Any CPU
		{61F9F034-3F94-41D4-8688-E03751E24263}.Debug|Any CPU.ActiveCfg = Debug|Any CPU
		{61F9F034-3F94-41D4-8688-E03751E24263}.Debug|Any CPU.Build.0 = Debug|Any CPU
		{61F9F034-3F94-41D4-8688-E03751E24263}.Release|Any CPU.ActiveCfg = Release|Any CPU
		{61F9F034-3F94-41D4-8688-E03751E24263}.Release|Any CPU.Build.0 = Release|Any CPU
		{EBEAA526-F45E-4CCF-9094-206E726E5C57}.Debug|Any CPU.ActiveCfg = Debug|Any CPU
		{EBEAA526-F45E-4CCF-9094-206E726E5C57}.Debug|Any CPU.Build.0 = Debug|Any CPU
		{EBEAA526-F45E-4CCF-9094-206E726E5C57}.Release|Any CPU.ActiveCfg = Release|Any CPU
		{EBEAA526-F45E-4CCF-9094-206E726E5C57}.Release|Any CPU.Build.0 = Release|Any CPU
		{C8625EDA-6E6D-426F-9499-DD6832748A51}.Debug|Any CPU.ActiveCfg = Debug|Any CPU
		{C8625EDA-6E6D-426F-9499-DD6832748A51}.Debug|Any CPU.Build.0 = Debug|Any CPU
		{C8625EDA-6E6D-426F-9499-DD6832748A51}.Release|Any CPU.ActiveCfg = Release|Any CPU
		{C8625EDA-6E6D-426F-9499-DD6832748A51}.Release|Any CPU.Build.0 = Release|Any CPU
	EndGlobalSection
	GlobalSection(SolutionProperties) = preSolution
		HideSolutionNode = FALSE
	EndGlobalSection
	GlobalSection(NestedProjects) = preSolution
		{EBAC16F5-2654-4071-A990-CA4201C6A238} = {4EB462AE-6BDE-48F8-9257-9067896CDD42}
		{DEDDB97C-BC58-4D4E-8EA4-EA3547241D32} = {1E8ED3BF-6F6D-4204-885B-48DFEF4C5907}
		{61F9F034-3F94-41D4-8688-E03751E24263} = {8822732D-812C-4188-8EF3-21F6278B3FE9}
		{EBEAA526-F45E-4CCF-9094-206E726E5C57} = {0589265A-5B4E-4C3C-84EA-67402FDBC146}
		{C8625EDA-6E6D-426F-9499-DD6832748A51} = {E25C905C-8764-45D4-9BE5-14BBC155AACF}
	EndGlobalSection
EndGlobal
